
Microsoft Visual Studio Solution File, Format Version 12.00
# Visual Studio 15
VisualStudioVersion = 15.0.28307.1000
MinimumVisualStudioVersion = 10.0.40219.1
Project("{FAE04EC0-301F-11D3-BF4B-00C04F79EFBC}") = "Robots.ConsoleApp", "Robots.Console\Robots.ConsoleApp.csproj", "{B3881199-E860-4ED6-B3B8-954433E1F6D2}"
EndProject
Project("{FAE04EC0-301F-11D3-BF4B-00C04F79EFBC}") = "Robots", "Robots\Robots.csproj", "{ADA3700D-FA9B-4C71-9539-7DD31E322F78}"
EndProject
Project("{FAE04EC0-301F-11D3-BF4B-00C04F79EFBC}") = "Robots.Tests", "Robots.Tests\Robots.Tests.csproj", "{2F3EEAD6-1832-4071-B7C6-DD327D6C4607}"
EndProject
Global
	GlobalSection(SolutionConfigurationPlatforms) = preSolution
		Debug|Any CPU = Debug|Any CPU
		Release|Any CPU = Release|Any CPU
	EndGlobalSection
	GlobalSection(ProjectConfigurationPlatforms) = postSolution
		{B3881199-E860-4ED6-B3B8-954433E1F6D2}.Debug|Any CPU.ActiveCfg = Debug|Any CPU
		{B3881199-E860-4ED6-B3B8-954433E1F6D2}.Debug|Any CPU.Build.0 = Debug|Any CPU
		{B3881199-E860-4ED6-B3B8-954433E1F6D2}.Release|Any CPU.ActiveCfg = Release|Any CPU
		{B3881199-E860-4ED6-B3B8-954433E1F6D2}.Release|Any CPU.Build.0 = Release|Any CPU
		{ADA3700D-FA9B-4C71-9539-7DD31E322F78}.Debug|Any CPU.ActiveCfg = Debug|Any CPU
		{ADA3700D-FA9B-4C71-9539-7DD31E322F78}.Debug|Any CPU.Build.0 = Debug|Any CPU
		{ADA3700D-FA9B-4C71-9539-7DD31E322F78}.Release|Any CPU.ActiveCfg = Release|Any CPU
		{ADA3700D-FA9B-4C71-9539-7DD31E322F78}.Release|Any CPU.Build.0 = Release|Any CPU
		{2F3EEAD6-1832-4071-B7C6-DD327D6C4607}.Debug|Any CPU.ActiveCfg = Debug|Any CPU
		{2F3EEAD6-1832-4071-B7C6-DD327D6C4607}.Debug|Any CPU.Build.0 = Debug|Any CPU
		{2F3EEAD6-1832-4071-B7C6-DD327D6C4607}.Release|Any CPU.ActiveCfg = Release|Any CPU
		{2F3EEAD6-1832-4071-B7C6-DD327D6C4607}.Release|Any CPU.Build.0 = Release|Any CPU
	EndGlobalSection
	GlobalSection(SolutionProperties) = preSolution
		HideSolutionNode = FALSE
	EndGlobalSection
	GlobalSection(ExtensibilityGlobals) = postSolution
		SolutionGuid = {4AB17AA7-DE46-4645-96A5-3493E0CF6EDB}
	EndGlobalSection
EndGlobal
